
Microsoft Visual Studio Solution File, Format Version 12.00
# Visual Studio Version 16
VisualStudioVersion = 16.0.30621.155
MinimumVisualStudioVersion = 10.0.40219.1
Project("{FAE04EC0-301F-11D3-BF4B-00C04F79EFBC}") = "MyApiWeb", "MyApiWeb.csproj", "{7BDC907C-ED1C-48F3-8CDE-A9E2C41E1E02}"
EndProject
Global
	GlobalSection(SolutionConfigurationPlatforms) = preSolution
		Debug|Any CPU = Debug|Any CPU
		Release|Any CPU = Release|Any CPU
	EndGlobalSection
	GlobalSection(ProjectConfigurationPlatforms) = postSolution
		{7BDC907C-ED1C-48F3-8CDE-A9E2C41E1E02}.Debug|Any CPU.ActiveCfg = Debug|Any CPU
		{7BDC907C-ED1C-48F3-8CDE-A9E2C41E1E02}.Debug|Any CPU.Build.0 = Debug|Any CPU
		{7BDC907C-ED1C-48F3-8CDE-A9E2C41E1E02}.Release|Any CPU.ActiveCfg = Release|Any CPU
		{7BDC907C-ED1C-48F3-8CDE-A9E2C41E1E02}.Release|Any CPU.Build.0 = Release|Any CPU
	EndGlobalSection
	GlobalSection(SolutionProperties) = preSolution
		HideSolutionNode = FALSE
	EndGlobalSection
	GlobalSection(ExtensibilityGlobals) = postSolution
		SolutionGuid = {41C33D4B-79ED-4149-BEE4-41973A6D3C9A}
	EndGlobalSection
EndGlobal
